
Microsoft Visual Studio Solution File, Format Version 12.00
# Visual Studio Version 17
VisualStudioVersion = 17.5.33424.131
MinimumVisualStudioVersion = 10.0.40219.1
Project("{FAE04EC0-301F-11D3-BF4B-00C04F79EFBC}") = "CUT4", "CUT4\CUT4.csproj", "{95D11718-C218-442D-AA53-C4E20184453A}"
EndProject
Global
	GlobalSection(SolutionConfigurationPlatforms) = preSolution
		Debug|Any CPU = Debug|Any CPU
		Release|Any CPU = Release|Any CPU
	EndGlobalSection
	GlobalSection(ProjectConfigurationPlatforms) = postSolution
		{95D11718-C218-442D-AA53-C4E20184453A}.Debug|Any CPU.ActiveCfg = Debug|Any CPU
		{95D11718-C218-442D-AA53-C4E20184453A}.Debug|Any CPU.Build.0 = Debug|Any CPU
		{95D11718-C218-442D-AA53-C4E20184453A}.Release|Any CPU.ActiveCfg = Release|Any CPU
		{95D11718-C218-442D-AA53-C4E20184453A}.Release|Any CPU.Build.0 = Release|Any CPU
	EndGlobalSection
	GlobalSection(SolutionProperties) = preSolution
		HideSolutionNode = FALSE
	EndGlobalSection
	GlobalSection(ExtensibilityGlobals) = postSolution
		SolutionGuid = {F9A29142-EC91-470C-AE8B-C1C3EB7C3084}
	EndGlobalSection
EndGlobal
